
Microsoft Visual Studio Solution File, Format Version 12.00
# Visual Studio Version 18
VisualStudioVersion = 18.5.11801.241 oobstable
MinimumVisualStudioVersion = 10.0.40219.1
Project("{FAE04EC0-301F-11D3-BF4B-00C04F79EFBC}") = "Glaer.Trade.B2C.BLL.CMS", "Glaer.Trade.B2C.BLL.CMS\Glaer.Trade.B2C.BLL.CMS.csproj", "{E736C18A-20B4-4856-84F4-9933657C8605}"
EndProject
Project("{FAE04EC0-301F-11D3-BF4B-00C04F79EFBC}") = "Glaer.Trade.B2C.BLL.SAL", "Glaer.Trade.B2C.BLL.SAL\Glaer.Trade.B2C.BLL.SAL.csproj", "{9C29A708-A444-44F0-ACA7-30EAF20CECB6}"
EndProject
Project("{FAE04EC0-301F-11D3-BF4B-00C04F79EFBC}") = "Glaer.Trade.B2C.DAL.CMS", "Glaer.Trade.B2C.DAL.CMS\Glaer.Trade.B2C.DAL.CMS.csproj", "{55179707-B36A-4E26-9A0E-679FD93D8B8B}"
EndProject
Project("{FAE04EC0-301F-11D3-BF4B-00C04F79EFBC}") = "Glaer.Trade.B2C.DAL.SAL", "Glaer.Trade.B2C.DAL.SAL\Glaer.Trade.B2C.DAL.SAL.csproj", "{73F9BAAB-6CEB-42BA-8590-BD9D87728A13}"
EndProject
Project("{FAE04EC0-301F-11D3-BF4B-00C04F79EFBC}") = "Glaer.Trade.B2C.DAL.Sys", "Glaer.Trade.B2C.DAL.Sys\Glaer.Trade.B2C.DAL.Sys.csproj", "{B9ACABF4-5F57-40BB-8019-A2BA992E7E05}"
EndProject
Project("{FAE04EC0-301F-11D3-BF4B-00C04F79EFBC}") = "Glaer.Trade.B2C.Model", "Glaer.Trade.B2C.Model\Glaer.Trade.B2C.Model.csproj", "{6524BC89-0507-4A21-A89F-522312392D39}"
EndProject
Project("{FAE04EC0-301F-11D3-BF4B-00C04F79EFBC}") = "Glaer.Trade.B2C.ORM", "Glaer.Trade.B2C.ORM\Glaer.Trade.B2C.ORM.csproj", "{CE144363-CB6C-4512-A798-B3032FBF5AB0}"
EndProject
Project("{FAE04EC0-301F-11D3-BF4B-00C04F79EFBC}") = "Glaer.Trade.B2C.RBAC", "Glaer.Trade.B2C.RBAC\Glaer.Trade.B2C.RBAC.csproj", "{C35F515E-10BF-4F64-8D36-B7E9FF8D6A10}"
EndProject
Project("{FAE04EC0-301F-11D3-BF4B-00C04F79EFBC}") = "Glaer.Trade.B2C.BLL.Sys", "Glaer.Trade.B2C.BLL.Sys\Glaer.Trade.B2C.BLL.Sys.csproj", "{CB662D10-0F68-4EFA-B5BC-4EE2D620274A}"
EndProject
Project("{E24C65DC-7377-472B-9ABA-BC803B73C61A}") = "OSS", "OSS\", "{FEDDA929-2339-4697-92EF-98288348216A}"
	ProjectSection(WebsiteProperties) = preProject
		SccProjectName = "SAK"
		SccAuxPath = "SAK"
		SccLocalPath = "SAK"
		SccProvider = "SAK"
		TargetFrameworkMoniker = ".NETFramework,Version%3Dv3.5"
		ProjectReferences = "{e736c18a-20b4-4856-84f4-9933657c8605}|Glaer.Trade.B2C.BLL.CMS.dll;{55179707-B36A-4E26-9A0E-679FD93D8B8B}|Glaer.Trade.B2C.DAL.CMS.dll;{6524BC89-0507-4A21-A89F-522312392D39}|Glaer.Trade.B2C.Model.dll;{CE144363-CB6C-4512-A798-B3032FBF5AB0}|Glaer.Trade.B2C.ORM.dll;{C35F515E-10BF-4F64-8D36-B7E9FF8D6A10}|Glaer.Trade.B2C.RBAC.dll;{B9ACABF4-5F57-40BB-8019-A2BA992E7E05}|Glaer.Trade.B2C.DAL.Sys.dll;{cb662d10-0f68-4efa-b5bc-4ee2d620274a}|Glaer.Trade.B2C.BLL.Sys.dll;{fd271f29-421f-4c1d-9ac4-6a6ce0bde746}|Glaer.Trade.B2C.BLL.MEM.dll;{4129E24B-10CC-417B-AF4E-5A02AE728058}|Glaer.Trade.B2C.DAL.MEM.dll;"
		Debug.AspNetCompiler.VirtualPath = "/localhost_13296"
		Debug.AspNetCompiler.PhysicalPath = "OSS\"
		Debug.AspNetCompiler.TargetPath = "PrecompiledWeb\localhost_13296\"
		Debug.AspNetCompiler.Updateable = "true"
		Debug.AspNetCompiler.ForceOverwrite = "true"
		Debug.AspNetCompiler.FixedNames = "false"
		Debug.AspNetCompiler.Debug = "True"
		Release.AspNetCompiler.VirtualPath = "/localhost_13296"
		Release.AspNetCompiler.PhysicalPath = "OSS\"
		Release.AspNetCompiler.TargetPath = "PrecompiledWeb\localhost_13296\"
		Release.AspNetCompiler.Updateable = "true"
		Release.AspNetCompiler.ForceOverwrite = "true"
		Release.AspNetCompiler.FixedNames = "false"
		Release.AspNetCompiler.Debug = "False"
		VWDPort = "13440"
		SlnRelativePath = "OSS\"
	EndProjectSection
EndProject
Project("{E24C65DC-7377-472B-9ABA-BC803B73C61A}") = "WWW", "WWW\", "{C7ABB066-B9CC-4B60-817E-E9C837B8489B}"
	ProjectSection(WebsiteProperties) = preProject
		SccProjectName = "SAK"
		SccAuxPath = "SAK"
		SccLocalPath = "SAK"
		SccProvider = "SAK"
		TargetFrameworkMoniker = ".NETFramework,Version%3Dv4.8"
		ProjectReferences = "{e736c18a-20b4-4856-84f4-9933657c8605}|Glaer.Trade.B2C.BLL.CMS.dll;{55179707-B36A-4E26-9A0E-679FD93D8B8B}|Glaer.Trade.B2C.DAL.CMS.dll;{6524BC89-0507-4A21-A89F-522312392D39}|Glaer.Trade.B2C.Model.dll;{CE144363-CB6C-4512-A798-B3032FBF5AB0}|Glaer.Trade.B2C.ORM.dll;{C35F515E-10BF-4F64-8D36-B7E9FF8D6A10}|Glaer.Trade.B2C.RBAC.dll;{B9ACABF4-5F57-40BB-8019-A2BA992E7E05}|Glaer.Trade.B2C.DAL.Sys.dll;{cb662d10-0f68-4efa-b5bc-4ee2d620274a}|Glaer.Trade.B2C.BLL.Sys.dll;{fd271f29-421f-4c1d-9ac4-6a6ce0bde746}|Glaer.Trade.B2C.BLL.MEM.dll;{4129E24B-10CC-417B-AF4E-5A02AE728058}|Glaer.Trade.B2C.DAL.MEM.dll;"
		Debug.AspNetCompiler.VirtualPath = "/localhost_6556"
		Debug.AspNetCompiler.PhysicalPath = "WWW\"
		Debug.AspNetCompiler.TargetPath = "PrecompiledWeb\localhost_6556\"
		Debug.AspNetCompiler.Updateable = "true"
		Debug.AspNetCompiler.ForceOverwrite = "true"
		Debug.AspNetCompiler.FixedNames = "false"
		Debug.AspNetCompiler.Debug = "True"
		Release.AspNetCompiler.VirtualPath = "/localhost_6556"
		Release.AspNetCompiler.PhysicalPath = "WWW\"
		Release.AspNetCompiler.TargetPath = "PrecompiledWeb\localhost_6556\"
		Release.AspNetCompiler.Updateable = "true"
		Release.AspNetCompiler.ForceOverwrite = "true"
		Release.AspNetCompiler.FixedNames = "false"
		Release.AspNetCompiler.Debug = "False"
		VWDPort = "13452"
		SlnRelativePath = "WWW\"
	EndProjectSection
EndProject
Project("{E24C65DC-7377-472B-9ABA-BC803B73C61A}") = "IMG", "IMG\", "{44A7B5F7-74E6-4B6E-B8BE-31AEEA4150FC}"
	ProjectSection(WebsiteProperties) = preProject
		SccProjectName = "SAK"
		SccAuxPath = "SAK"
		SccLocalPath = "SAK"
		SccProvider = "SAK"
		TargetFrameworkMoniker = ".NETFramework,Version%3Dv3.5"
		Debug.AspNetCompiler.VirtualPath = "/IMG"
		Debug.AspNetCompiler.PhysicalPath = "IMG\"
		Debug.AspNetCompiler.TargetPath = "PrecompiledWeb\IMG\"
		Debug.AspNetCompiler.Updateable = "true"
		Debug.AspNetCompiler.ForceOverwrite = "true"
		Debug.AspNetCompiler.FixedNames = "false"
		Debug.AspNetCompiler.Debug = "True"
		Release.AspNetCompiler.VirtualPath = "/IMG"
		Release.AspNetCompiler.PhysicalPath = "IMG\"
		Release.AspNetCompiler.TargetPath = "PrecompiledWeb\IMG\"
		Release.AspNetCompiler.Updateable = "true"
		Release.AspNetCompiler.ForceOverwrite = "true"
		Release.AspNetCompiler.FixedNames = "false"
		Release.AspNetCompiler.Debug = "False"
		VWDPort = "13461"
		SlnRelativePath = "IMG\"
	EndProjectSection
EndProject
Project("{FAE04EC0-301F-11D3-BF4B-00C04F79EFBC}") = "Glaer.Trade.B2C.BLL.MEM", "Glaer.Trade.B2C.BLL.MEM\Glaer.Trade.B2C.BLL.MEM.csproj", "{FD271F29-421F-4C1D-9AC4-6A6CE0BDE746}"
EndProject
Project("{FAE04EC0-301F-11D3-BF4B-00C04F79EFBC}") = "Glaer.Trade.B2C.DAL.MEM", "Glaer.Trade.B2C.DAL.MEM\Glaer.Trade.B2C.DAL.MEM.csproj", "{4129E24B-10CC-417B-AF4E-5A02AE728058}"
EndProject
Global
	GlobalSection(SolutionConfigurationPlatforms) = preSolution
		Debug|Any CPU = Debug|Any CPU
		Release|Any CPU = Release|Any CPU
	EndGlobalSection
	GlobalSection(ProjectConfigurationPlatforms) = postSolution
		{E736C18A-20B4-4856-84F4-9933657C8605}.Debug|Any CPU.ActiveCfg = Debug|Any CPU
		{E736C18A-20B4-4856-84F4-9933657C8605}.Debug|Any CPU.Build.0 = Debug|Any CPU
		{E736C18A-20B4-4856-84F4-9933657C8605}.Release|Any CPU.ActiveCfg = Release|Any CPU
		{E736C18A-20B4-4856-84F4-9933657C8605}.Release|Any CPU.Build.0 = Release|Any CPU
		{9C29A708-A444-44F0-ACA7-30EAF20CECB6}.Debug|Any CPU.ActiveCfg = Debug|Any CPU
		{9C29A708-A444-44F0-ACA7-30EAF20CECB6}.Debug|Any CPU.Build.0 = Debug|Any CPU
		{9C29A708-A444-44F0-ACA7-30EAF20CECB6}.Release|Any CPU.ActiveCfg = Release|Any CPU
		{9C29A708-A444-44F0-ACA7-30EAF20CECB6}.Release|Any CPU.Build.0 = Release|Any CPU
		{55179707-B36A-4E26-9A0E-679FD93D8B8B}.Debug|Any CPU.ActiveCfg = Debug|Any CPU
		{55179707-B36A-4E26-9A0E-679FD93D8B8B}.Debug|Any CPU.Build.0 = Debug|Any CPU
		{55179707-B36A-4E26-9A0E-679FD93D8B8B}.Release|Any CPU.ActiveCfg = Release|Any CPU
		{55179707-B36A-4E26-9A0E-679FD93D8B8B}.Release|Any CPU.Build.0 = Release|Any CPU
		{73F9BAAB-6CEB-42BA-8590-BD9D87728A13}.Debug|Any CPU.ActiveCfg = Debug|Any CPU
		{73F9BAAB-6CEB-42BA-8590-BD9D87728A13}.Debug|Any CPU.Build.0 = Debug|Any CPU
		{73F9BAAB-6CEB-42BA-8590-BD9D87728A13}.Release|Any CPU.ActiveCfg = Release|Any CPU
		{73F9BAAB-6CEB-42BA-8590-BD9D87728A13}.Release|Any CPU.Build.0 = Release|Any CPU
		{B9ACABF4-5F57-40BB-8019-A2BA992E7E05}.Debug|Any CPU.ActiveCfg = Debug|Any CPU
		{B9ACABF4-5F57-40BB-8019-A2BA992E7E05}.Debug|Any CPU.Build.0 = Debug|Any CPU
		{B9ACABF4-5F57-40BB-8019-A2BA992E7E05}.Release|Any CPU.ActiveCfg = Release|Any CPU
		{B9ACABF4-5F57-40BB-8019-A2BA992E7E05}.Release|Any CPU.Build.0 = Release|Any CPU
		{6524BC89-0507-4A21-A89F-522312392D39}.Debug|Any CPU.ActiveCfg = Debug|Any CPU
		{6524BC89-0507-4A21-A89F-522312392D39}.Debug|Any CPU.Build.0 = Debug|Any CPU
		{6524BC89-0507-4A21-A89F-522312392D39}.Release|Any CPU.ActiveCfg = Release|Any CPU
		{6524BC89-0507-4A21-A89F-522312392D39}.Release|Any CPU.Build.0 = Release|Any CPU
		{CE144363-CB6C-4512-A798-B3032FBF5AB0}.Debug|Any CPU.ActiveCfg = Debug|Any CPU
		{CE144363-CB6C-4512-A798-B3032FBF5AB0}.Debug|Any CPU.Build.0 = Debug|Any CPU
		{CE144363-CB6C-4512-A798-B3032FBF5AB0}.Release|Any CPU.ActiveCfg = Release|Any CPU
		{CE144363-CB6C-4512-A798-B3032FBF5AB0}.Release|Any CPU.Build.0 = Release|Any CPU
		{C35F515E-10BF-4F64-8D36-B7E9FF8D6A10}.Debug|Any CPU.ActiveCfg = Debug|Any CPU
		{C35F515E-10BF-4F64-8D36-B7E9FF8D6A10}.Debug|Any CPU.Build.0 = Debug|Any CPU
		{C35F515E-10BF-4F64-8D36-B7E9FF8D6A10}.Release|Any CPU.ActiveCfg = Release|Any CPU
		{C35F515E-10BF-4F64-8D36-B7E9FF8D6A10}.Release|Any CPU.Build.0 = Release|Any CPU
		{CB662D10-0F68-4EFA-B5BC-4EE2D620274A}.Debug|Any CPU.ActiveCfg = Debug|Any CPU
		{CB662D10-0F68-4EFA-B5BC-4EE2D620274A}.Debug|Any CPU.Build.0 = Debug|Any CPU
		{CB662D10-0F68-4EFA-B5BC-4EE2D620274A}.Release|Any CPU.ActiveCfg = Release|Any CPU
		{CB662D10-0F68-4EFA-B5BC-4EE2D620274A}.Release|Any CPU.Build.0 = Release|Any CPU
		{FEDDA929-2339-4697-92EF-98288348216A}.Debug|Any CPU.ActiveCfg = Debug|Any CPU
		{FEDDA929-2339-4697-92EF-98288348216A}.Debug|Any CPU.Build.0 = Debug|Any CPU
		{FEDDA929-2339-4697-92EF-98288348216A}.Release|Any CPU.ActiveCfg = Debug|Any CPU
		{FEDDA929-2339-4697-92EF-98288348216A}.Release|Any CPU.Build.0 = Debug|Any CPU
		{C7ABB066-B9CC-4B60-817E-E9C837B8489B}.Debug|Any CPU.ActiveCfg = Debug|Any CPU
		{C7ABB066-B9CC-4B60-817E-E9C837B8489B}.Debug|Any CPU.Build.0 = Debug|Any CPU
		{C7ABB066-B9CC-4B60-817E-E9C837B8489B}.Release|Any CPU.ActiveCfg = Debug|Any CPU
		{C7ABB066-B9CC-4B60-817E-E9C837B8489B}.Release|Any CPU.Build.0 = Debug|Any CPU
		{44A7B5F7-74E6-4B6E-B8BE-31AEEA4150FC}.Debug|Any CPU.ActiveCfg = Debug|Any CPU
		{44A7B5F7-74E6-4B6E-B8BE-31AEEA4150FC}.Debug|Any CPU.Build.0 = Debug|Any CPU
		{44A7B5F7-74E6-4B6E-B8BE-31AEEA4150FC}.Release|Any CPU.ActiveCfg = Debug|Any CPU
		{44A7B5F7-74E6-4B6E-B8BE-31AEEA4150FC}.Release|Any CPU.Build.0 = Debug|Any CPU
		{FD271F29-421F-4C1D-9AC4-6A6CE0BDE746}.Debug|Any CPU.ActiveCfg = Debug|Any CPU
		{FD271F29-421F-4C1D-9AC4-6A6CE0BDE746}.Debug|Any CPU.Build.0 = Debug|Any CPU
		{FD271F29-421F-4C1D-9AC4-6A6CE0BDE746}.Release|Any CPU.ActiveCfg = Release|Any CPU
		{FD271F29-421F-4C1D-9AC4-6A6CE0BDE746}.Release|Any CPU.Build.0 = Release|Any CPU
		{4129E24B-10CC-417B-AF4E-5A02AE728058}.Debug|Any CPU.ActiveCfg = Debug|Any CPU
		{4129E24B-10CC-417B-AF4E-5A02AE728058}.Debug|Any CPU.Build.0 = Debug|Any CPU
		{4129E24B-10CC-417B-AF4E-5A02AE728058}.Release|Any CPU.ActiveCfg = Release|Any CPU
		{4129E24B-10CC-417B-AF4E-5A02AE728058}.Release|Any CPU.Build.0 = Release|Any CPU
	EndGlobalSection
	GlobalSection(SolutionProperties) = preSolution
		HideSolutionNode = FALSE
	EndGlobalSection
	GlobalSection(ExtensibilityGlobals) = postSolution
		SolutionGuid = {3D1EA87D-2DD3-4E83-AFF8-6BF203EAC667}
	EndGlobalSection
EndGlobal
